
Microsoft Visual Studio Solution File, Format Version 12.00
# Visual Studio 14
VisualStudioVersion = 14.0.25420.1
MinimumVisualStudioVersion = 10.0.40219.1
Project("{FAE04EC0-301F-11D3-BF4B-00C04F79EFBC}") = "HelloWorld.Droid", "HelloWorld\HelloWorld.Droid\HelloWorld.Droid.csproj", "{D1CFB38A-D454-4BBC-87A5-95F3B2B4DCA6}"
EndProject
Project("{FAE04EC0-301F-11D3-BF4B-00C04F79EFBC}") = "HelloWorld.iOS", "HelloWorld\HelloWorld.iOS\HelloWorld.iOS.csproj", "{A4FB9505-312D-4C3B-9629-A8595AB494BF}"
EndProject
Project("{FAE04EC0-301F-11D3-BF4B-00C04F79EFBC}") = "HelloWorld.WinPhone", "HelloWorld\HelloWorld.WinPhone\HelloWorld.WinPhone.csproj", "{97B637B7-B411-47A7-8D5E-104C6A7A8C78}"
EndProject
Project("{FAE04EC0-301F-11D3-BF4B-00C04F79EFBC}") = "HelloWorld.UWP", "HelloWorld\HelloWorld.UWP\HelloWorld.UWP.csproj", "{8512E3D7-2B6F-48EB-A461-2900E518E5BB}"
EndProject
Project("{FAE04EC0-301F-11D3-BF4B-00C04F79EFBC}") = "HelloWorld.Windows", "HelloWorld\HelloWorld.Windows\HelloWorld.Windows.csproj", "{E1F6F0ED-3D82-4A1E-BC6B-D0935386BC5C}"
EndProject
Project("{FAE04EC0-301F-11D3-BF4B-00C04F79EFBC}") = "HelloWorld", "HelloWorld\HelloWorld\HelloWorld.csproj", "{0F30242D-C293-4324-8593-CCDD6B6988AE}"
EndProject
Global
	GlobalSection(SolutionConfigurationPlatforms) = preSolution
		Ad-Hoc|Any CPU = Ad-Hoc|Any CPU
		Ad-Hoc|ARM = Ad-Hoc|ARM
		Ad-Hoc|iPhone = Ad-Hoc|iPhone
		Ad-Hoc|iPhoneSimulator = Ad-Hoc|iPhoneSimulator
		Ad-Hoc|x64 = Ad-Hoc|x64
		Ad-Hoc|x86 = Ad-Hoc|x86
		AppStore|Any CPU = AppStore|Any CPU
		AppStore|ARM = AppStore|ARM
		AppStore|iPhone = AppStore|iPhone
		AppStore|iPhoneSimulator = AppStore|iPhoneSimulator
		AppStore|x64 = AppStore|x64
		AppStore|x86 = AppStore|x86
		Debug|Any CPU = Debug|Any CPU
		Debug|ARM = Debug|ARM
		Debug|iPhone = Debug|iPhone
		Debug|iPhoneSimulator = Debug|iPhoneSimulator
		Debug|x64 = Debug|x64
		Debug|x86 = Debug|x86
		Release|Any CPU = Release|Any CPU
		Release|ARM = Release|ARM
		Release|iPhone = Release|iPhone
		Release|iPhoneSimulator = Release|iPhoneSimulator
		Release|x64 = Release|x64
		Release|x86 = Release|x86
	EndGlobalSection
	GlobalSection(ProjectConfigurationPlatforms) = postSolution
		{D1CFB38A-D454-4BBC-87A5-95F3B2B4DCA6}.Ad-Hoc|Any CPU.ActiveCfg = Release|Any CPU
		{D1CFB38A-D454-4BBC-87A5-95F3B2B4DCA6}.Ad-Hoc|Any CPU.Build.0 = Release|Any CPU
		{D1CFB38A-D454-4BBC-87A5-95F3B2B4DCA6}.Ad-Hoc|Any CPU.Deploy.0 = Release|Any CPU
		{D1CFB38A-D454-4BBC-87A5-95F3B2B4DCA6}.Ad-Hoc|ARM.ActiveCfg = Release|Any CPU
		{D1CFB38A-D454-4BBC-87A5-95F3B2B4DCA6}.Ad-Hoc|ARM.Build.0 = Release|Any CPU
		{D1CFB38A-D454-4BBC-87A5-95F3B2B4DCA6}.Ad-Hoc|ARM.Deploy.0 = Release|Any CPU
		{D1CFB38A-D454-4BBC-87A5-95F3B2B4DCA6}.Ad-Hoc|iPhone.ActiveCfg = Release|Any CPU
		{D1CFB38A-D454-4BBC-87A5-95F3B2B4DCA6}.Ad-Hoc|iPhone.Build.0 = Release|Any CPU
		{D1CFB38A-D454-4BBC-87A5-95F3B2B4DCA6}.Ad-Hoc|iPhone.Deploy.0 = Release|Any CPU
		{D1CFB38A-D454-4BBC-87A5-95F3B2B4DCA6}.Ad-Hoc|iPhoneSimulator.ActiveCfg = Release|Any CPU
		{D1CFB38A-D454-4BBC-87A5-95F3B2B4DCA6}.Ad-Hoc|iPhoneSimulator.Build.0 = Release|Any CPU
		{D1CFB38A-D454-4BBC-87A5-95F3B2B4DCA6}.Ad-Hoc|iPhoneSimulator.Deploy.0 = Release|Any CPU
		{D1CFB38A-D454-4BBC-87A5-95F3B2B4DCA6}.Ad-Hoc|x64.ActiveCfg = Release|Any CPU
		{D1CFB38A-D454-4BBC-87A5-95F3B2B4DCA6}.Ad-Hoc|x64.Build.0 = Release|Any CPU
		{D1CFB38A-D454-4BBC-87A5-95F3B2B4DCA6}.Ad-Hoc|x64.Deploy.0 = Release|Any CPU
		{D1CFB38A-D454-4BBC-87A5-95F3B2B4DCA6}.Ad-Hoc|x86.ActiveCfg = Release|Any CPU
		{D1CFB38A-D454-4BBC-87A5-95F3B2B4DCA6}.Ad-Hoc|x86.Build.0 = Release|Any CPU
		{D1CFB38A-D454-4BBC-87A5-95F3B2B4DCA6}.Ad-Hoc|x86.Deploy.0 = Release|Any CPU
		{D1CFB38A-D454-4BBC-87A5-95F3B2B4DCA6}.AppStore|Any CPU.ActiveCfg = Release|Any CPU
		{D1CFB38A-D454-4BBC-87A5-95F3B2B4DCA6}.AppStore|Any CPU.Build.0 = Release|Any CPU
		{D1CFB38A-D454-4BBC-87A5-95F3B2B4DCA6}.AppStore|Any CPU.Deploy.0 = Release|Any CPU
		{D1CFB38A-D454-4BBC-87A5-95F3B2B4DCA6}.AppStore|ARM.ActiveCfg = Release|Any CPU
		{D1CFB38A-D454-4BBC-87A5-95F3B2B4DCA6}.AppStore|ARM.Build.0 = Release|Any CPU
		{D1CFB38A-D454-4BBC-87A5-95F3B2B4DCA6}.AppStore|ARM.Deploy.0 = Release|Any CPU
		{D1CFB38A-D454-4BBC-87A5-95F3B2B4DCA6}.AppStore|iPhone.ActiveCfg = Release|Any CPU
		{D1CFB38A-D454-4BBC-87A5-95F3B2B4DCA6}.AppStore|iPhone.Build.0 = Release|Any CPU
		{D1CFB38A-D454-4BBC-87A5-95F3B2B4DCA6}.AppStore|iPhone.Deploy.0 = Release|Any CPU
		{D1CFB38A-D454-4BBC-87A5-95F3B2B4DCA6}.AppStore|iPhoneSimulator.ActiveCfg = Release|Any CPU
		{D1CFB38A-D454-4BBC-87A5-95F3B2B4DCA6}.AppStore|iPhoneSimulator.Build.0 = Release|Any CPU
		{D1CFB38A-D454-4BBC-87A5-95F3B2B4DCA6}.AppStore|iPhoneSimulator.Deploy.0 = Release|Any CPU
		{D1CFB38A-D454-4BBC-87A5-95F3B2B4DCA6}.AppStore|x64.ActiveCfg = Release|Any CPU
		{D1CFB38A-D454-4BBC-87A5-95F3B2B4DCA6}.AppStore|x64.Build.0 = Release|Any CPU
		{D1CFB38A-D454-4BBC-87A5-95F3B2B4DCA6}.AppStore|x64.Deploy.0 = Release|Any CPU
		{D1CFB38A-D454-4BBC-87A5-95F3B2B4DCA6}.AppStore|x86.ActiveCfg = Release|Any CPU
		{D1CFB38A-D454-4BBC-87A5-95F3B2B4DCA6}.AppStore|x86.Build.0 = Release|Any CPU
		{D1CFB38A-D454-4BBC-87A5-95F3B2B4DCA6}.AppStore|x86.Deploy.0 = Release|Any CPU
		{D1CFB38A-D454-4BBC-87A5-95F3B2B4DCA6}.Debug|Any CPU.ActiveCfg = Debug|Any CPU
		{D1CFB38A-D454-4BBC-87A5-95F3B2B4DCA6}.Debug|Any CPU.Build.0 = Debug|Any CPU
		{D1CFB38A-D454-4BBC-87A5-95F3B2B4DCA6}.Debug|Any CPU.Deploy.0 = Debug|Any CPU
		{D1CFB38A-D454-4BBC-87A5-95F3B2B4DCA6}.Debug|ARM.ActiveCfg = Debug|Any CPU
		{D1CFB38A-D454-4BBC-87A5-95F3B2B4DCA6}.Debug|ARM.Build.0 = Debug|Any CPU
		{D1CFB38A-D454-4BBC-87A5-95F3B2B4DCA6}.Debug|ARM.Deploy.0 = Debug|Any CPU
		{D1CFB38A-D454-4BBC-87A5-95F3B2B4DCA6}.Debug|iPhone.ActiveCfg = Debug|Any CPU
		{D1CFB38A-D454-4BBC-87A5-95F3B2B4DCA6}.Debug|iPhone.Build.0 = Debug|Any CPU
		{D1CFB38A-D454-4BBC-87A5-95F3B2B4DCA6}.Debug|iPhone.Deploy.0 = Debug|Any CPU
		{D1CFB38A-D454-4BBC-87A5-95F3B2B4DCA6}.Debug|iPhoneSimulator.ActiveCfg = Debug|Any CPU
		{D1CFB38A-D454-4BBC-87A5-95F3B2B4DCA6}.Debug|iPhoneSimulator.Build.0 = Debug|Any CPU
		{D1CFB38A-D454-4BBC-87A5-95F3B2B4DCA6}.Debug|iPhoneSimulator.Deploy.0 = Debug|Any CPU
		{D1CFB38A-D454-4BBC-87A5-95F3B2B4DCA6}.Debug|x64.ActiveCfg = Debug|Any CPU
		{D1CFB38A-D454-4BBC-87A5-95F3B2B4DCA6}.Debug|x64.Build.0 = Debug|Any CPU
		{D1CFB38A-D454-4BBC-87A5-95F3B2B4DCA6}.Debug|x64.Deploy.0 = Debug|Any CPU
		{D1CFB38A-D454-4BBC-87A5-95F3B2B4DCA6}.Debug|x86.ActiveCfg = Debug|Any CPU
		{D1CFB38A-D454-4BBC-87A5-95F3B2B4DCA6}.Debug|x86.Build.0 = Debug|Any CPU
		{D1CFB38A-D454-4BBC-87A5-95F3B2B4DCA6}.Debug|x86.Deploy.0 = Debug|Any CPU
		{D1CFB38A-D454-4BBC-87A5-95F3B2B4DCA6}.Release|Any CPU.ActiveCfg = Release|Any CPU
		{D1CFB38A-D454-4BBC-87A5-95F3B2B4DCA6}.Release|Any CPU.Build.0 = Release|Any CPU
		{D1CFB38A-D454-4BBC-87A5-95F3B2B4DCA6}.Release|Any CPU.Deploy.0 = Release|Any CPU
		{D1CFB38A-D454-4BBC-87A5-95F3B2B4DCA6}.Release|ARM.ActiveCfg = Release|Any CPU
		{D1CFB38A-D454-4BBC-87A5-95F3B2B4DCA6}.Release|ARM.Build.0 = Release|Any CPU
		{D1CFB38A-D454-4BBC-87A5-95F3B2B4DCA6}.Release|ARM.Deploy.0 = Release|Any CPU
		{D1CFB38A-D454-4BBC-87A5-95F3B2B4DCA6}.Release|iPhone.ActiveCfg = Release|Any CPU
		{D1CFB38A-D454-4BBC-87A5-95F3B2B4DCA6}.Release|iPhone.Build.0 = Release|Any CPU
		{D1CFB38A-D454-4BBC-87A5-95F3B2B4DCA6}.Release|iPhone.Deploy.0 = Release|Any CPU
		{D1CFB38A-D454-4BBC-87A5-95F3B2B4DCA6}.Release|iPhoneSimulator.ActiveCfg = Release|Any CPU
		{D1CFB38A-D454-4BBC-87A5-95F3B2B4DCA6}.Release|iPhoneSimulator.Build.0 = Release|Any CPU
		{D1CFB38A-D454-4BBC-87A5-95F3B2B4DCA6}.Release|iPhoneSimulator.Deploy.0 = Release|Any CPU
		{D1CFB38A-D454-4BBC-87A5-95F3B2B4DCA6}.Release|x64.ActiveCfg = Release|Any CPU
		{D1CFB38A-D454-4BBC-87A5-95F3B2B4DCA6}.Release|x64.Build.0 = Release|Any CPU
		{D1CFB38A-D454-4BBC-87A5-95F3B2B4DCA6}.Release|x64.Deploy.0 = Release|Any CPU
		{D1CFB38A-D454-4BBC-87A5-95F3B2B4DCA6}.Release|x86.ActiveCfg = Release|Any CPU
		{D1CFB38A-D454-4BBC-87A5-95F3B2B4DCA6}.Release|x86.Build.0 = Release|Any CPU
		{D1CFB38A-D454-4BBC-87A5-95F3B2B4DCA6}.Release|x86.Deploy.0 = Release|Any CPU
		{A4FB9505-312D-4C3B-9629-A8595AB494BF}.Ad-Hoc|Any CPU.ActiveCfg = Ad-Hoc|iPhone
		{A4FB9505-312D-4C3B-9629-A8595AB494BF}.Ad-Hoc|ARM.ActiveCfg = Ad-Hoc|iPhone
		{A4FB9505-312D-4C3B-9629-A8595AB494BF}.Ad-Hoc|iPhone.ActiveCfg = Ad-Hoc|iPhone
		{A4FB9505-312D-4C3B-9629-A8595AB494BF}.Ad-Hoc|iPhone.Build.0 = Ad-Hoc|iPhone
		{A4FB9505-312D-4C3B-9629-A8595AB494BF}.Ad-Hoc|iPhoneSimulator.ActiveCfg = Ad-Hoc|iPhoneSimulator
		{A4FB9505-312D-4C3B-9629-A8595AB494BF}.Ad-Hoc|iPhoneSimulator.Build.0 = Ad-Hoc|iPhoneSimulator
		{A4FB9505-312D-4C3B-9629-A8595AB494BF}.Ad-Hoc|x64.ActiveCfg = Ad-Hoc|iPhone
		{A4FB9505-312D-4C3B-9629-A8595AB494BF}.Ad-Hoc|x86.ActiveCfg = Ad-Hoc|iPhone
		{A4FB9505-312D-4C3B-9629-A8595AB494BF}.AppStore|Any CPU.ActiveCfg = AppStore|iPhone
		{A4FB9505-312D-4C3B-9629-A8595AB494BF}.AppStore|ARM.ActiveCfg = AppStore|iPhone
		{A4FB9505-312D-4C3B-9629-A8595AB494BF}.AppStore|iPhone.ActiveCfg = AppStore|iPhone
		{A4FB9505-312D-4C3B-9629-A8595AB494BF}.AppStore|iPhone.Build.0 = AppStore|iPhone
		{A4FB9505-312D-4C3B-9629-A8595AB494BF}.AppStore|iPhoneSimulator.ActiveCfg = AppStore|iPhoneSimulator
		{A4FB9505-312D-4C3B-9629-A8595AB494BF}.AppStore|iPhoneSimulator.Build.0 = AppStore|iPhoneSimulator
		{A4FB9505-312D-4C3B-9629-A8595AB494BF}.AppStore|x64.ActiveCfg = AppStore|iPhone
		{A4FB9505-312D-4C3B-9629-A8595AB494BF}.AppStore|x86.ActiveCfg = AppStore|iPhone
		{A4FB9505-312D-4C3B-9629-A8595AB494BF}.Debug|Any CPU.ActiveCfg = Debug|iPhone
		{A4FB9505-312D-4C3B-9629-A8595AB494BF}.Debug|ARM.ActiveCfg = Debug|iPhone
		{A4FB9505-312D-4C3B-9629-A8595AB494BF}.Debug|iPhone.ActiveCfg = Debug|iPhone
		{A4FB9505-312D-4C3B-9629-A8595AB494BF}.Debug|iPhone.Build.0 = Debug|iPhone
		{A4FB9505-312D-4C3B-9629-A8595AB494BF}.Debug|iPhoneSimulator.ActiveCfg = Debug|iPhoneSimulator
		{A4FB9505-312D-4C3B-9629-A8595AB494BF}.Debug|iPhoneSimulator.Build.0 = Debug|iPhoneSimulator
		{A4FB9505-312D-4C3B-9629-A8595AB494BF}.Debug|x64.ActiveCfg = Debug|iPhone
		{A4FB9505-312D-4C3B-9629-A8595AB494BF}.Debug|x86.ActiveCfg = Debug|iPhone
		{A4FB9505-312D-4C3B-9629-A8595AB494BF}.Release|Any CPU.ActiveCfg = Release|iPhone
		{A4FB9505-312D-4C3B-9629-A8595AB494BF}.Release|ARM.ActiveCfg = Release|iPhone
		{A4FB9505-312D-4C3B-9629-A8595AB494BF}.Release|iPhone.ActiveCfg = Release|iPhone
		{A4FB9505-312D-4C3B-9629-A8595AB494BF}.Release|iPhone.Build.0 = Release|iPhone
		{A4FB9505-312D-4C3B-9629-A8595AB494BF}.Release|iPhoneSimulator.ActiveCfg = Release|iPhoneSimulator
		{A4FB9505-312D-4C3B-9629-A8595AB494BF}.Release|iPhoneSimulator.Build.0 = Release|iPhoneSimulator
		{A4FB9505-312D-4C3B-9629-A8595AB494BF}.Release|x64.ActiveCfg = Release|iPhone
		{A4FB9505-312D-4C3B-9629-A8595AB494BF}.Release|x86.ActiveCfg = Release|iPhone
		{97B637B7-B411-47A7-8D5E-104C6A7A8C78}.Ad-Hoc|Any CPU.ActiveCfg = Release|Any CPU
		{97B637B7-B411-47A7-8D5E-104C6A7A8C78}.Ad-Hoc|Any CPU.Build.0 = Release|Any CPU
		{97B637B7-B411-47A7-8D5E-104C6A7A8C78}.Ad-Hoc|Any CPU.Deploy.0 = Release|Any CPU
		{97B637B7-B411-47A7-8D5E-104C6A7A8C78}.Ad-Hoc|ARM.ActiveCfg = Release|ARM
		{97B637B7-B411-47A7-8D5E-104C6A7A8C78}.Ad-Hoc|ARM.Build.0 = Release|ARM
		{97B637B7-B411-47A7-8D5E-104C6A7A8C78}.Ad-Hoc|ARM.Deploy.0 = Release|ARM
		{97B637B7-B411-47A7-8D5E-104C6A7A8C78}.Ad-Hoc|iPhone.ActiveCfg = Release|Any CPU
		{97B637B7-B411-47A7-8D5E-104C6A7A8C78}.Ad-Hoc|iPhone.Build.0 = Release|Any CPU
		{97B637B7-B411-47A7-8D5E-104C6A7A8C78}.Ad-Hoc|iPhone.Deploy.0 = Release|Any CPU
		{97B637B7-B411-47A7-8D5E-104C6A7A8C78}.Ad-Hoc|iPhoneSimulator.ActiveCfg = Release|Any CPU
		{97B637B7-B411-47A7-8D5E-104C6A7A8C78}.Ad-Hoc|iPhoneSimulator.Build.0 = Release|Any CPU
		{97B637B7-B411-47A7-8D5E-104C6A7A8C78}.Ad-Hoc|iPhoneSimulator.Deploy.0 = Release|Any CPU
		{97B637B7-B411-47A7-8D5E-104C6A7A8C78}.Ad-Hoc|x64.ActiveCfg = Release|Any CPU
		{97B637B7-B411-47A7-8D5E-104C6A7A8C78}.Ad-Hoc|x64.Build.0 = Release|Any CPU
		{97B637B7-B411-47A7-8D5E-104C6A7A8C78}.Ad-Hoc|x64.Deploy.0 = Release|Any CPU
		{97B637B7-B411-47A7-8D5E-104C6A7A8C78}.Ad-Hoc|x86.ActiveCfg = Release|x86
		{97B637B7-B411-47A7-8D5E-104C6A7A8C78}.Ad-Hoc|x86.Build.0 = Release|x86
		{97B637B7-B411-47A7-8D5E-104C6A7A8C78}.Ad-Hoc|x86.Deploy.0 = Release|x86
		{97B637B7-B411-47A7-8D5E-104C6A7A8C78}.AppStore|Any CPU.ActiveCfg = Release|Any CPU
		{97B637B7-B411-47A7-8D5E-104C6A7A8C78}.AppStore|Any CPU.Build.0 = Release|Any CPU
		{97B637B7-B411-47A7-8D5E-104C6A7A8C78}.AppStore|Any CPU.Deploy.0 = Release|Any CPU
		{97B637B7-B411-47A7-8D5E-104C6A7A8C78}.AppStore|ARM.ActiveCfg = Release|ARM
		{97B637B7-B411-47A7-8D5E-104C6A7A8C78}.AppStore|ARM.Build.0 = Release|ARM
		{97B637B7-B411-47A7-8D5E-104C6A7A8C78}.AppStore|ARM.Deploy.0 = Release|ARM
		{97B637B7-B411-47A7-8D5E-104C6A7A8C78}.AppStore|iPhone.ActiveCfg = Release|Any CPU
		{97B637B7-B411-47A7-8D5E-104C6A7A8C78}.AppStore|iPhone.Build.0 = Release|Any CPU
		{97B637B7-B411-47A7-8D5E-104C6A7A8C78}.AppStore|iPhone.Deploy.0 = Release|Any CPU
		{97B637B7-B411-47A7-8D5E-104C6A7A8C78}.AppStore|iPhoneSimulator.ActiveCfg = Release|Any CPU
		{97B637B7-B411-47A7-8D5E-104C6A7A8C78}.AppStore|iPhoneSimulator.Build.0 = Release|Any CPU
		{97B637B7-B411-47A7-8D5E-104C6A7A8C78}.AppStore|iPhoneSimulator.Deploy.0 = Release|Any CPU
		{97B637B7-B411-47A7-8D5E-104C6A7A8C78}.AppStore|x64.ActiveCfg = Release|Any CPU
		{97B637B7-B411-47A7-8D5E-104C6A7A8C78}.AppStore|x64.Build.0 = Release|Any CPU
		{97B637B7-B411-47A7-8D5E-104C6A7A8C78}.AppStore|x64.Deploy.0 = Release|Any CPU
		{97B637B7-B411-47A7-8D5E-104C6A7A8C78}.AppStore|x86.ActiveCfg = Release|x86
		{97B637B7-B411-47A7-8D5E-104C6A7A8C78}.AppStore|x86.Build.0 = Release|x86
		{97B637B7-B411-47A7-8D5E-104C6A7A8C78}.AppStore|x86.Deploy.0 = Release|x86
		{97B637B7-B411-47A7-8D5E-104C6A7A8C78}.Debug|Any CPU.ActiveCfg = Debug|Any CPU
		{97B637B7-B411-47A7-8D5E-104C6A7A8C78}.Debug|Any CPU.Build.0 = Debug|Any CPU
		{97B637B7-B411-47A7-8D5E-104C6A7A8C78}.Debug|Any CPU.Deploy.0 = Debug|Any CPU
		{97B637B7-B411-47A7-8D5E-104C6A7A8C78}.Debug|ARM.ActiveCfg = Debug|ARM
		{97B637B7-B411-47A7-8D5E-104C6A7A8C78}.Debug|ARM.Build.0 = Debug|ARM
		{97B637B7-B411-47A7-8D5E-104C6A7A8C78}.Debug|ARM.Deploy.0 = Debug|ARM
		{97B637B7-B411-47A7-8D5E-104C6A7A8C78}.Debug|iPhone.ActiveCfg = Debug|Any CPU
		{97B637B7-B411-47A7-8D5E-104C6A7A8C78}.Debug|iPhone.Build.0 = Debug|Any CPU
		{97B637B7-B411-47A7-8D5E-104C6A7A8C78}.Debug|iPhone.Deploy.0 = Debug|Any CPU
		{97B637B7-B411-47A7-8D5E-104C6A7A8C78}.Debug|iPhoneSimulator.ActiveCfg = Debug|Any CPU
		{97B637B7-B411-47A7-8D5E-104C6A7A8C78}.Debug|iPhoneSimulator.Build.0 = Debug|Any CPU
		{97B637B7-B411-47A7-8D5E-104C6A7A8C78}.Debug|iPhoneSimulator.Deploy.0 = Debug|Any CPU
		{97B637B7-B411-47A7-8D5E-104C6A7A8C78}.Debug|x64.ActiveCfg = Debug|Any CPU
		{97B637B7-B411-47A7-8D5E-104C6A7A8C78}.Debug|x64.Build.0 = Debug|Any CPU
		{97B637B7-B411-47A7-8D5E-104C6A7A8C78}.Debug|x64.Deploy.0 = Debug|Any CPU
		{97B637B7-B411-47A7-8D5E-104C6A7A8C78}.Debug|x86.ActiveCfg = Debug|x86
		{97B637B7-B411-47A7-8D5E-104C6A7A8C78}.Debug|x86.Build.0 = Debug|x86
		{97B637B7-B411-47A7-8D5E-104C6A7A8C78}.Debug|x86.Deploy.0 = Debug|x86
		{97B637B7-B411-47A7-8D5E-104C6A7A8C78}.Release|Any CPU.ActiveCfg = Release|Any CPU
		{97B637B7-B411-47A7-8D5E-104C6A7A8C78}.Release|Any CPU.Build.0 = Release|Any CPU
		{97B637B7-B411-47A7-8D5E-104C6A7A8C78}.Release|Any CPU.Deploy.0 = Release|Any CPU
		{97B637B7-B411-47A7-8D5E-104C6A7A8C78}.Release|ARM.ActiveCfg = Release|ARM
		{97B637B7-B411-47A7-8D5E-104C6A7A8C78}.Release|ARM.Build.0 = Release|ARM
		{97B637B7-B411-47A7-8D5E-104C6A7A8C78}.Release|ARM.Deploy.0 = Release|ARM
		{97B637B7-B411-47A7-8D5E-104C6A7A8C78}.Release|iPhone.ActiveCfg = Release|Any CPU
		{97B637B7-B411-47A7-8D5E-104C6A7A8C78}.Release|iPhone.Build.0 = Release|Any CPU
		{97B637B7-B411-47A7-8D5E-104C6A7A8C78}.Release|iPhone.Deploy.0 = Release|Any CPU
		{97B637B7-B411-47A7-8D5E-104C6A7A8C78}.Release|iPhoneSimulator.ActiveCfg = Release|Any CPU
		{97B637B7-B411-47A7-8D5E-104C6A7A8C78}.Release|iPhoneSimulator.Build.0 = Release|Any CPU
		{97B637B7-B411-47A7-8D5E-104C6A7A8C78}.Release|iPhoneSimulator.Deploy.0 = Release|Any CPU
		{97B637B7-B411-47A7-8D5E-104C6A7A8C78}.Release|x64.ActiveCfg = Release|Any CPU
		{97B637B7-B411-47A7-8D5E-104C6A7A8C78}.Release|x64.Build.0 = Release|Any CPU
		{97B637B7-B411-47A7-8D5E-104C6A7A8C78}.Release|x64.Deploy.0 = Release|Any CPU
		{97B637B7-B411-47A7-8D5E-104C6A7A8C78}.Release|x86.ActiveCfg = Release|x86
		{97B637B7-B411-47A7-8D5E-104C6A7A8C78}.Release|x86.Build.0 = Release|x86
		{97B637B7-B411-47A7-8D5E-104C6A7A8C78}.Release|x86.Deploy.0 = Release|x86
		{8512E3D7-2B6F-48EB-A461-2900E518E5BB}.Ad-Hoc|Any CPU.ActiveCfg = Release|x86
		{8512E3D7-2B6F-48EB-A461-2900E518E5BB}.Ad-Hoc|Any CPU.Build.0 = Release|x86
		{8512E3D7-2B6F-48EB-A461-2900E518E5BB}.Ad-Hoc|Any CPU.Deploy.0 = Release|x86
		{8512E3D7-2B6F-48EB-A461-2900E518E5BB}.Ad-Hoc|ARM.ActiveCfg = Release|ARM
		{8512E3D7-2B6F-48EB-A461-2900E518E5BB}.Ad-Hoc|ARM.Build.0 = Release|ARM
		{8512E3D7-2B6F-48EB-A461-2900E518E5BB}.Ad-Hoc|ARM.Deploy.0 = Release|ARM
		{8512E3D7-2B6F-48EB-A461-2900E518E5BB}.Ad-Hoc|iPhone.ActiveCfg = Release|x86
		{8512E3D7-2B6F-48EB-A461-2900E518E5BB}.Ad-Hoc|iPhone.Build.0 = Release|x86
		{8512E3D7-2B6F-48EB-A461-2900E518E5BB}.Ad-Hoc|iPhone.Deploy.0 = Release|x86
		{8512E3D7-2B6F-48EB-A461-2900E518E5BB}.Ad-Hoc|iPhoneSimulator.ActiveCfg = Release|x86
		{8512E3D7-2B6F-48EB-A461-2900E518E5BB}.Ad-Hoc|iPhoneSimulator.Build.0 = Release|x86
		{8512E3D7-2B6F-48EB-A461-2900E518E5BB}.Ad-Hoc|iPhoneSimulator.Deploy.0 = Release|x86
		{8512E3D7-2B6F-48EB-A461-2900E518E5BB}.Ad-Hoc|x64.ActiveCfg = Release|x64
		{8512E3D7-2B6F-48EB-A461-2900E518E5BB}.Ad-Hoc|x64.Build.0 = Release|x64
		{8512E3D7-2B6F-48EB-A461-2900E518E5BB}.Ad-Hoc|x64.Deploy.0 = Release|x64
		{8512E3D7-2B6F-48EB-A461-2900E518E5BB}.Ad-Hoc|x86.ActiveCfg = Release|x86
		{8512E3D7-2B6F-48EB-A461-2900E518E5BB}.Ad-Hoc|x86.Build.0 = Release|x86
		{8512E3D7-2B6F-48EB-A461-2900E518E5BB}.Ad-Hoc|x86.Deploy.0 = Release|x86
		{8512E3D7-2B6F-48EB-A461-2900E518E5BB}.AppStore|Any CPU.ActiveCfg = Release|x86
		{8512E3D7-2B6F-48EB-A461-2900E518E5BB}.AppStore|Any CPU.Build.0 = Release|x86
		{8512E3D7-2B6F-48EB-A461-2900E518E5BB}.AppStore|Any CPU.Deploy.0 = Release|x86
		{8512E3D7-2B6F-48EB-A461-2900E518E5BB}.AppStore|ARM.ActiveCfg = Release|ARM
		{8512E3D7-2B6F-48EB-A461-2900E518E5BB}.AppStore|ARM.Build.0 = Release|ARM
		{8512E3D7-2B6F-48EB-A461-2900E518E5BB}.AppStore|ARM.Deploy.0 = Release|ARM
		{8512E3D7-2B6F-48EB-A461-2900E518E5BB}.AppStore|iPhone.ActiveCfg = Release|x86
		{8512E3D7-2B6F-48EB-A461-2900E518E5BB}.AppStore|iPhone.Build.0 = Release|x86
		{8512E3D7-2B6F-48EB-A461-2900E518E5BB}.AppStore|iPhone.Deploy.0 = Release|x86
		{8512E3D7-2B6F-48EB-A461-2900E518E5BB}.AppStore|iPhoneSimulator.ActiveCfg = Release|x86
		{8512E3D7-2B6F-48EB-A461-2900E518E5BB}.AppStore|iPhoneSimulator.Build.0 = Release|x86
		{8512E3D7-2B6F-48EB-A461-2900E518E5BB}.AppStore|iPhoneSimulator.Deploy.0 = Release|x86
		{8512E3D7-2B6F-48EB-A461-2900E518E5BB}.AppStore|x64.ActiveCfg = Release|x64
		{8512E3D7-2B6F-48EB-A461-2900E518E5BB}.AppStore|x64.Build.0 = Release|x64
		{8512E3D7-2B6F-48EB-A461-2900E518E5BB}.AppStore|x64.Deploy.0 = Release|x64
		{8512E3D7-2B6F-48EB-A461-2900E518E5BB}.AppStore|x86.ActiveCfg = Release|x86
		{8512E3D7-2B6F-48EB-A461-2900E518E5BB}.AppStore|x86.Build.0 = Release|x86
		{8512E3D7-2B6F-48EB-A461-2900E518E5BB}.AppStore|x86.Deploy.0 = Release|x86
		{8512E3D7-2B6F-48EB-A461-2900E518E5BB}.Debug|Any CPU.ActiveCfg = Debug|x86
		{8512E3D7-2B6F-48EB-A461-2900E518E5BB}.Debug|ARM.ActiveCfg = Debug|ARM
		{8512E3D7-2B6F-48EB-A461-2900E518E5BB}.Debug|ARM.Build.0 = Debug|ARM
		{8512E3D7-2B6F-48EB-A461-2900E518E5BB}.Debug|ARM.Deploy.0 = Debug|ARM
		{8512E3D7-2B6F-48EB-A461-2900E518E5BB}.Debug|iPhone.ActiveCfg = Debug|x86
		{8512E3D7-2B6F-48EB-A461-2900E518E5BB}.Debug|iPhoneSimulator.ActiveCfg = Debug|x86
		{8512E3D7-2B6F-48EB-A461-2900E518E5BB}.Debug|x64.ActiveCfg = Debug|x64
		{8512E3D7-2B6F-48EB-A461-2900E518E5BB}.Debug|x64.Build.0 = Debug|x64
		{8512E3D7-2B6F-48EB-A461-2900E518E5BB}.Debug|x64.Deploy.0 = Debug|x64
		{8512E3D7-2B6F-48EB-A461-2900E518E5BB}.Debug|x86.ActiveCfg = Debug|x86
		{8512E3D7-2B6F-48EB-A461-2900E518E5BB}.Debug|x86.Build.0 = Debug|x86
		{8512E3D7-2B6F-48EB-A461-2900E518E5BB}.Debug|x86.Deploy.0 = Debug|x86
		{8512E3D7-2B6F-48EB-A461-2900E518E5BB}.Release|Any CPU.ActiveCfg = Release|x86
		{8512E3D7-2B6F-48EB-A461-2900E518E5BB}.Release|ARM.ActiveCfg = Release|ARM
		{8512E3D7-2B6F-48EB-A461-2900E518E5BB}.Release|ARM.Build.0 = Release|ARM
		{8512E3D7-2B6F-48EB-A461-2900E518E5BB}.Release|ARM.Deploy.0 = Release|ARM
		{8512E3D7-2B6F-48EB-A461-2900E518E5BB}.Release|iPhone.ActiveCfg = Release|x86
		{8512E3D7-2B6F-48EB-A461-2900E518E5BB}.Release|iPhoneSimulator.ActiveCfg = Release|x86
		{8512E3D7-2B6F-48EB-A461-2900E518E5BB}.Release|x64.ActiveCfg = Release|x64
		{8512E3D7-2B6F-48EB-A461-2900E518E5BB}.Release|x64.Build.0 = Release|x64
		{8512E3D7-2B6F-48EB-A461-2900E518E5BB}.Release|x64.Deploy.0 = Release|x64
		{8512E3D7-2B6F-48EB-A461-2900E518E5BB}.Release|x86.ActiveCfg = Release|x86
		{8512E3D7-2B6F-48EB-A461-2900E518E5BB}.Release|x86.Build.0 = Release|x86
		{8512E3D7-2B6F-48EB-A461-2900E518E5BB}.Release|x86.Deploy.0 = Release|x86
		{E1F6F0ED-3D82-4A1E-BC6B-D0935386BC5C}.Ad-Hoc|Any CPU.ActiveCfg = Release|Any CPU
		{E1F6F0ED-3D82-4A1E-BC6B-D0935386BC5C}.Ad-Hoc|Any CPU.Build.0 = Release|Any CPU
		{E1F6F0ED-3D82-4A1E-BC6B-D0935386BC5C}.Ad-Hoc|Any CPU.Deploy.0 = Release|Any CPU
		{E1F6F0ED-3D82-4A1E-BC6B-D0935386BC5C}.Ad-Hoc|ARM.ActiveCfg = Release|ARM
		{E1F6F0ED-3D82-4A1E-BC6B-D0935386BC5C}.Ad-Hoc|ARM.Build.0 = Release|ARM
		{E1F6F0ED-3D82-4A1E-BC6B-D0935386BC5C}.Ad-Hoc|ARM.Deploy.0 = Release|ARM
		{E1F6F0ED-3D82-4A1E-BC6B-D0935386BC5C}.Ad-Hoc|iPhone.ActiveCfg = Release|Any CPU
		{E1F6F0ED-3D82-4A1E-BC6B-D0935386BC5C}.Ad-Hoc|iPhone.Build.0 = Release|Any CPU
		{E1F6F0ED-3D82-4A1E-BC6B-D0935386BC5C}.Ad-Hoc|iPhone.Deploy.0 = Release|Any CPU
		{E1F6F0ED-3D82-4A1E-BC6B-D0935386BC5C}.Ad-Hoc|iPhoneSimulator.ActiveCfg = Release|Any CPU
		{E1F6F0ED-3D82-4A1E-BC6B-D0935386BC5C}.Ad-Hoc|iPhoneSimulator.Build.0 = Release|Any CPU
		{E1F6F0ED-3D82-4A1E-BC6B-D0935386BC5C}.Ad-Hoc|iPhoneSimulator.Deploy.0 = Release|Any CPU
		{E1F6F0ED-3D82-4A1E-BC6B-D0935386BC5C}.Ad-Hoc|x64.ActiveCfg = Release|x64
		{E1F6F0ED-3D82-4A1E-BC6B-D0935386BC5C}.Ad-Hoc|x64.Build.0 = Release|x64
		{E1F6F0ED-3D82-4A1E-BC6B-D0935386BC5C}.Ad-Hoc|x64.Deploy.0 = Release|x64
		{E1F6F0ED-3D82-4A1E-BC6B-D0935386BC5C}.Ad-Hoc|x86.ActiveCfg = Release|x86
		{E1F6F0ED-3D82-4A1E-BC6B-D0935386BC5C}.Ad-Hoc|x86.Build.0 = Release|x86
		{E1F6F0ED-3D82-4A1E-BC6B-D0935386BC5C}.Ad-Hoc|x86.Deploy.0 = Release|x86
		{E1F6F0ED-3D82-4A1E-BC6B-D0935386BC5C}.AppStore|Any CPU.ActiveCfg = Release|Any CPU
		{E1F6F0ED-3D82-4A1E-BC6B-D0935386BC5C}.AppStore|Any CPU.Build.0 = Release|Any CPU
		{E1F6F0ED-3D82-4A1E-BC6B-D0935386BC5C}.AppStore|Any CPU.Deploy.0 = Release|Any CPU
		{E1F6F0ED-3D82-4A1E-BC6B-D0935386BC5C}.AppStore|ARM.ActiveCfg = Release|ARM
		{E1F6F0ED-3D82-4A1E-BC6B-D0935386BC5C}.AppStore|ARM.Build.0 = Release|ARM
		{E1F6F0ED-3D82-4A1E-BC6B-D0935386BC5C}.AppStore|ARM.Deploy.0 = Release|ARM
		{E1F6F0ED-3D82-4A1E-BC6B-D0935386BC5C}.AppStore|iPhone.ActiveCfg = Release|Any CPU
		{E1F6F0ED-3D82-4A1E-BC6B-D0935386BC5C}.AppStore|iPhone.Build.0 = Release|Any CPU
		{E1F6F0ED-3D82-4A1E-BC6B-D0935386BC5C}.AppStore|iPhone.Deploy.0 = Release|Any CPU
		{E1F6F0ED-3D82-4A1E-BC6B-D0935386BC5C}.AppStore|iPhoneSimulator.ActiveCfg = Release|Any CPU
		{E1F6F0ED-3D82-4A1E-BC6B-D0935386BC5C}.AppStore|iPhoneSimulator.Build.0 = Release|Any CPU
		{E1F6F0ED-3D82-4A1E-BC6B-D0935386BC5C}.AppStore|iPhoneSimulator.Deploy.0 = Release|Any CPU
		{E1F6F0ED-3D82-4A1E-BC6B-D0935386BC5C}.AppStore|x64.ActiveCfg = Release|x64
		{E1F6F0ED-3D82-4A1E-BC6B-D0935386BC5C}.AppStore|x64.Build.0 = Release|x64
		{E1F6F0ED-3D82-4A1E-BC6B-D0935386BC5C}.AppStore|x64.Deploy.0 = Release|x64
		{E1F6F0ED-3D82-4A1E-BC6B-D0935386BC5C}.AppStore|x86.ActiveCfg = Release|x86
		{E1F6F0ED-3D82-4A1E-BC6B-D0935386BC5C}.AppStore|x86.Build.0 = Release|x86
		{E1F6F0ED-3D82-4A1E-BC6B-D0935386BC5C}.AppStore|x86.Deploy.0 = Release|x86
		{E1F6F0ED-3D82-4A1E-BC6B-D0935386BC5C}.Debug|Any CPU.ActiveCfg = Debug|Any CPU
		{E1F6F0ED-3D82-4A1E-BC6B-D0935386BC5C}.Debug|Any CPU.Build.0 = Debug|Any CPU
		{E1F6F0ED-3D82-4A1E-BC6B-D0935386BC5C}.Debug|Any CPU.Deploy.0 = Debug|Any CPU
		{E1F6F0ED-3D82-4A1E-BC6B-D0935386BC5C}.Debug|ARM.ActiveCfg = Debug|ARM
		{E1F6F0ED-3D82-4A1E-BC6B-D0935386BC5C}.Debug|ARM.Build.0 = Debug|ARM
		{E1F6F0ED-3D82-4A1E-BC6B-D0935386BC5C}.Debug|ARM.Deploy.0 = Debug|ARM
		{E1F6F0ED-3D82-4A1E-BC6B-D0935386BC5C}.Debug|iPhone.ActiveCfg = Debug|Any CPU
		{E1F6F0ED-3D82-4A1E-BC6B-D0935386BC5C}.Debug|iPhone.Build.0 = Debug|Any CPU
		{E1F6F0ED-3D82-4A1E-BC6B-D0935386BC5C}.Debug|iPhone.Deploy.0 = Debug|Any CPU
		{E1F6F0ED-3D82-4A1E-BC6B-D0935386BC5C}.Debug|iPhoneSimulator.ActiveCfg = Debug|Any CPU
		{E1F6F0ED-3D82-4A1E-BC6B-D0935386BC5C}.Debug|iPhoneSimulator.Build.0 = Debug|Any CPU
		{E1F6F0ED-3D82-4A1E-BC6B-D0935386BC5C}.Debug|iPhoneSimulator.Deploy.0 = Debug|Any CPU
		{E1F6F0ED-3D82-4A1E-BC6B-D0935386BC5C}.Debug|x64.ActiveCfg = Debug|x64
		{E1F6F0ED-3D82-4A1E-BC6B-D0935386BC5C}.Debug|x64.Build.0 = Debug|x64
		{E1F6F0ED-3D82-4A1E-BC6B-D0935386BC5C}.Debug|x64.Deploy.0 = Debug|x64
		{E1F6F0ED-3D82-4A1E-BC6B-D0935386BC5C}.Debug|x86.ActiveCfg = Debug|x86
		{E1F6F0ED-3D82-4A1E-BC6B-D0935386BC5C}.Debug|x86.Build.0 = Debug|x86
		{E1F6F0ED-3D82-4A1E-BC6B-D0935386BC5C}.Debug|x86.Deploy.0 = Debug|x86
		{E1F6F0ED-3D82-4A1E-BC6B-D0935386BC5C}.Release|Any CPU.ActiveCfg = Release|Any CPU
		{E1F6F0ED-3D82-4A1E-BC6B-D0935386BC5C}.Release|Any CPU.Build.0 = Release|Any CPU
		{E1F6F0ED-3D82-4A1E-BC6B-D0935386BC5C}.Release|Any CPU.Deploy.0 = Release|Any CPU
		{E1F6F0ED-3D82-4A1E-BC6B-D0935386BC5C}.Release|ARM.ActiveCfg = Release|ARM
		{E1F6F0ED-3D82-4A1E-BC6B-D0935386BC5C}.Release|ARM.Build.0 = Release|ARM
		{E1F6F0ED-3D82-4A1E-BC6B-D0935386BC5C}.Release|ARM.Deploy.0 = Release|ARM
		{E1F6F0ED-3D82-4A1E-BC6B-D0935386BC5C}.Release|iPhone.ActiveCfg = Release|Any CPU
		{E1F6F0ED-3D82-4A1E-BC6B-D0935386BC5C}.Release|iPhone.Build.0 = Release|Any CPU
		{E1F6F0ED-3D82-4A1E-BC6B-D0935386BC5C}.Release|iPhone.Deploy.0 = Release|Any CPU
		{E1F6F0ED-3D82-4A1E-BC6B-D0935386BC5C}.Release|iPhoneSimulator.ActiveCfg = Release|Any CPU
		{E1F6F0ED-3D82-4A1E-BC6B-D0935386BC5C}.Release|iPhoneSimulator.Build.0 = Release|Any CPU
		{E1F6F0ED-3D82-4A1E-BC6B-D0935386BC5C}.Release|iPhoneSimulator.Deploy.0 = Release|Any CPU
		{E1F6F0ED-3D82-4A1E-BC6B-D0935386BC5C}.Release|x64.ActiveCfg = Release|x64
		{E1F6F0ED-3D82-4A1E-BC6B-D0935386BC5C}.Release|x64.Build.0 = Release|x64
		{E1F6F0ED-3D82-4A1E-BC6B-D0935386BC5C}.Release|x64.Deploy.0 = Release|x64
		{E1F6F0ED-3D82-4A1E-BC6B-D0935386BC5C}.Release|x86.ActiveCfg = Release|x86
		{E1F6F0ED-3D82-4A1E-BC6B-D0935386BC5C}.Release|x86.Build.0 = Release|x86
		{E1F6F0ED-3D82-4A1E-BC6B-D0935386BC5C}.Release|x86.Deploy.0 = Release|x86
		{0F30242D-C293-4324-8593-CCDD6B6988AE}.Ad-Hoc|Any CPU.ActiveCfg = Release|Any CPU
		{0F30242D-C293-4324-8593-CCDD6B6988AE}.Ad-Hoc|Any CPU.Build.0 = Release|Any CPU
		{0F30242D-C293-4324-8593-CCDD6B6988AE}.Ad-Hoc|ARM.ActiveCfg = Release|Any CPU
		{0F30242D-C293-4324-8593-CCDD6B6988AE}.Ad-Hoc|ARM.Build.0 = Release|Any CPU
		{0F30242D-C293-4324-8593-CCDD6B6988AE}.Ad-Hoc|iPhone.ActiveCfg = Release|Any CPU
		{0F30242D-C293-4324-8593-CCDD6B6988AE}.Ad-Hoc|iPhone.Build.0 = Release|Any CPU
		{0F30242D-C293-4324-8593-CCDD6B6988AE}.Ad-Hoc|iPhoneSimulator.ActiveCfg = Release|Any CPU
		{0F30242D-C293-4324-8593-CCDD6B6988AE}.Ad-Hoc|iPhoneSimulator.Build.0 = Release|Any CPU
		{0F30242D-C293-4324-8593-CCDD6B6988AE}.Ad-Hoc|x64.ActiveCfg = Release|Any CPU
		{0F30242D-C293-4324-8593-CCDD6B6988AE}.Ad-Hoc|x64.Build.0 = Release|Any CPU
		{0F30242D-C293-4324-8593-CCDD6B6988AE}.Ad-Hoc|x86.ActiveCfg = Release|Any CPU
		{0F30242D-C293-4324-8593-CCDD6B6988AE}.Ad-Hoc|x86.Build.0 = Release|Any CPU
		{0F30242D-C293-4324-8593-CCDD6B6988AE}.AppStore|Any CPU.ActiveCfg = Release|Any CPU
		{0F30242D-C293-4324-8593-CCDD6B6988AE}.AppStore|Any CPU.Build.0 = Release|Any CPU
		{0F30242D-C293-4324-8593-CCDD6B6988AE}.AppStore|ARM.ActiveCfg = Release|Any CPU
		{0F30242D-C293-4324-8593-CCDD6B6988AE}.AppStore|ARM.Build.0 = Release|Any CPU
		{0F30242D-C293-4324-8593-CCDD6B6988AE}.AppStore|iPhone.ActiveCfg = Release|Any CPU
		{0F30242D-C293-4324-8593-CCDD6B6988AE}.AppStore|iPhone.Build.0 = Release|Any CPU
		{0F30242D-C293-4324-8593-CCDD6B6988AE}.AppStore|iPhoneSimulator.ActiveCfg = Release|Any CPU
		{0F30242D-C293-4324-8593-CCDD6B6988AE}.AppStore|iPhoneSimulator.Build.0 = Release|Any CPU
		{0F30242D-C293-4324-8593-CCDD6B6988AE}.AppStore|x64.ActiveCfg = Release|Any CPU
		{0F30242D-C293-4324-8593-CCDD6B6988AE}.AppStore|x64.Build.0 = Release|Any CPU
		{0F30242D-C293-4324-8593-CCDD6B6988AE}.AppStore|x86.ActiveCfg = Release|Any CPU
		{0F30242D-C293-4324-8593-CCDD6B6988AE}.AppStore|x86.Build.0 = Release|Any CPU
		{0F30242D-C293-4324-8593-CCDD6B6988AE}.Debug|Any CPU.ActiveCfg = Debug|Any CPU
		{0F30242D-C293-4324-8593-CCDD6B6988AE}.Debug|Any CPU.Build.0 = Debug|Any CPU
		{0F30242D-C293-4324-8593-CCDD6B6988AE}.Debug|ARM.ActiveCfg = Debug|Any CPU
		{0F30242D-C293-4324-8593-CCDD6B6988AE}.Debug|ARM.Build.0 = Debug|Any CPU
		{0F30242D-C293-4324-8593-CCDD6B6988AE}.Debug|iPhone.ActiveCfg = Debug|Any CPU
		{0F30242D-C293-4324-8593-CCDD6B6988AE}.Debug|iPhone.Build.0 = Debug|Any CPU
		{0F30242D-C293-4324-8593-CCDD6B6988AE}.Debug|iPhoneSimulator.ActiveCfg = Debug|Any CPU
		{0F30242D-C293-4324-8593-CCDD6B6988AE}.Debug|iPhoneSimulator.Build.0 = Debug|Any CPU
		{0F30242D-C293-4324-8593-CCDD6B6988AE}.Debug|x64.ActiveCfg = Debug|Any CPU
		{0F30242D-C293-4324-8593-CCDD6B6988AE}.Debug|x64.Build.0 = Debug|Any CPU
		{0F30242D-C293-4324-8593-CCDD6B6988AE}.Debug|x86.ActiveCfg = Debug|Any CPU
		{0F30242D-C293-4324-8593-CCDD6B6988AE}.Debug|x86.Build.0 = Debug|Any CPU
		{0F30242D-C293-4324-8593-CCDD6B6988AE}.Release|Any CPU.ActiveCfg = Release|Any CPU
		{0F30242D-C293-4324-8593-CCDD6B6988AE}.Release|Any CPU.Build.0 = Release|Any CPU
		{0F30242D-C293-4324-8593-CCDD6B6988AE}.Release|ARM.ActiveCfg = Release|Any CPU
		{0F30242D-C293-4324-8593-CCDD6B6988AE}.Release|ARM.Build.0 = Release|Any CPU
		{0F30242D-C293-4324-8593-CCDD6B6988AE}.Release|iPhone.ActiveCfg = Release|Any CPU
		{0F30242D-C293-4324-8593-CCDD6B6988AE}.Release|iPhone.Build.0 = Release|Any CPU
		{0F30242D-C293-4324-8593-CCDD6B6988AE}.Release|iPhoneSimulator.ActiveCfg = Release|Any CPU
		{0F30242D-C293-4324-8593-CCDD6B6988AE}.Release|iPhoneSimulator.Build.0 = Release|Any CPU
		{0F30242D-C293-4324-8593-CCDD6B6988AE}.Release|x64.ActiveCfg = Release|Any CPU
		{0F30242D-C293-4324-8593-CCDD6B6988AE}.Release|x64.Build.0 = Release|Any CPU
		{0F30242D-C293-4324-8593-CCDD6B6988AE}.Release|x86.ActiveCfg = Release|Any CPU
		{0F30242D-C293-4324-8593-CCDD6B6988AE}.Release|x86.Build.0 = Release|Any CPU
	EndGlobalSection
	GlobalSection(SolutionProperties) = preSolution
		HideSolutionNode = FALSE
	EndGlobalSection
EndGlobal
